
Microsoft Visual Studio Solution File, Format Version 12.00
# Visual Studio Version 17
VisualStudioVersion = 17.3.32901.215
MinimumVisualStudioVersion = 10.0.40219.1
Project("{FAE04EC0-301F-11D3-BF4B-00C04F79EFBC}") = "Nico cipher", "Nico cipher\Nico cipher.csproj", "{8BF8F942-4506-40F2-964A-EDD760F0E9D2}"
EndProject
Global
	GlobalSection(SolutionConfigurationPlatforms) = preSolution
		Debug|Any CPU = Debug|Any CPU
		Release|Any CPU = Release|Any CPU
	EndGlobalSection
	GlobalSection(ProjectConfigurationPlatforms) = postSolution
		{8BF8F942-4506-40F2-964A-EDD760F0E9D2}.Debug|Any CPU.ActiveCfg = Debug|Any CPU
		{8BF8F942-4506-40F2-964A-EDD760F0E9D2}.Debug|Any CPU.Build.0 = Debug|Any CPU
		{8BF8F942-4506-40F2-964A-EDD760F0E9D2}.Release|Any CPU.ActiveCfg = Release|Any CPU
		{8BF8F942-4506-40F2-964A-EDD760F0E9D2}.Release|Any CPU.Build.0 = Release|Any CPU
	EndGlobalSection
	GlobalSection(SolutionProperties) = preSolution
		HideSolutionNode = FALSE
	EndGlobalSection
	GlobalSection(ExtensibilityGlobals) = postSolution
		SolutionGuid = {800CB244-7514-4A43-88B2-6F7ED01B6154}
	EndGlobalSection
EndGlobal
